<?xml version="1.0" encoding="utf-8"?>
<Project ToolsVersion="4.0" xmlns="http://schemas.microsoft.com/developer/msbuild/2003">
  <ItemGroup>
    <Filter Include="Source Files">
      <UniqueIdentifier>{4FC737F1-C7A5-4376-A066-2A32D752A2FF}</UniqueIdentifier>
      <Extensions>cpp;c;cc;cxx;def;odl;idl;hpj;bat;asm;asmx</Extensions>
    </Filter>
    <Filter Include="Header Files">
      <UniqueIdentifier>{93995380-89BD-4b04-88EB-625FBE52EBFB}</UniqueIdentifier>
      <Extensions>h;hpp;hxx;hm;inl;inc;xsd</Extensions>
    </Filter>
    <Filter Include="Resource Files">
      <UniqueIdentifier>{67DA6AB6-F800-4c08-8B7A-83BB121AAD01}</UniqueIdentifier>
      <Extensions>rc;ico;cur;bmp;dlg;rc2;rct;bin;rgs;gif;jpg;jpeg;jpe;resx;tiff;tif;png;wav</Extensions>
    </Filter>
  </ItemGroup>
  <ItemGroup>
    <ClCompile Include="AssemblyInfo.cpp">
      <Filter>Source Files</Filter>
    </ClCompile>
    <ClCompile Include="CPPStringArray.cpp">
      <Filter>Source Files</Filter>
    </ClCompile>
    <ClCompile Include="NetArrayTranslator.cpp">
      <Filter>Source Files</Filter>
    </ClCompile>
    <ClCompile Include="NetStringArrayTranslator.cpp">
      <Filter>Source Files</Filter>
    </ClCompile>
    <ClCompile Include="NetStringToConstCPP.cpp">
      <Filter>Source Files</Filter>
    </ClCompile>
    <ClCompile Include="root_type_holder.cpp">
      <Filter>Source Files</Filter>
    </ClCompile>
    <ClCompile Include="ROOTDotNet.cpp">
      <Filter>Source Files</Filter>
    </ClCompile>
    <ClCompile Include="ROOTDOTNETBaseTObject.cpp">
      <Filter>Source Files</Filter>
    </ClCompile>
    <ClCompile Include="ROOTObjectInfo.cpp">
      <Filter>Source Files</Filter>
    </ClCompile>
    <ClCompile Include="ROOTObjectManager.cpp">
      <Filter>Source Files</Filter>
    </ClCompile>
    <ClCompile Include="ROOTVersionAttribute.cpp">
      <Filter>Source Files</Filter>
    </ClCompile>
    <ClCompile Include="ROOTCreator.cpp">
      <Filter>Source Files</Filter>
    </ClCompile>
    <ClCompile Include="DynamicHelpers.cpp">
      <Filter>Source Files</Filter>
    </ClCompile>
    <ClCompile Include="ROOTDynamicException.cpp">
      <Filter>Source Files</Filter>
    </ClCompile>
    <ClCompile Include="ROOTDOTNETVoidObject.cpp">
      <Filter>Source Files</Filter>
    </ClCompile>
    <ClCompile Include="TreeEntry.cpp">
      <Filter>Source Files</Filter>
    </ClCompile>
    <ClCompile Include="TreeEntryEnumerator.cpp">
      <Filter>Source Files</Filter>
    </ClCompile>
    <ClCompile Include="TreeManager.cpp">
      <Filter>Source Files</Filter>
    </ClCompile>
    <ClCompile Include="TreeLeafExecutor.cpp">
      <Filter>Source Files</Filter>
    </ClCompile>
    <ClCompile Include="TreeLeafExecutorFactories.cpp">
      <Filter>Source Files</Filter>
    </ClCompile>
  </ItemGroup>
  <ItemGroup>
    <ClInclude Include="CPPStringArray.hpp">
      <Filter>Header Files</Filter>
    </ClInclude>
    <ClInclude Include="NetArrayTranslator.hpp">
      <Filter>Header Files</Filter>
    </ClInclude>
    <ClInclude Include="NetStringArrayTranslator.hpp">
      <Filter>Header Files</Filter>
    </ClInclude>
    <ClInclude Include="NetStringToConstCPP.hpp">
      <Filter>Header Files</Filter>
    </ClInclude>
    <ClInclude Include="resource.h">
      <Filter>Header Files</Filter>
    </ClInclude>
    <ClInclude Include="root_type_holder.hpp">
      <Filter>Header Files</Filter>
    </ClInclude>
    <ClInclude Include="ROOTDotNet.h">
      <Filter>Header Files</Filter>
    </ClInclude>
    <ClInclude Include="ROOTDOTNETBaseTObject.hpp">
      <Filter>Header Files</Filter>
    </ClInclude>
    <ClInclude Include="ROOTObjectInfo.h">
      <Filter>Header Files</Filter>
    </ClInclude>
    <ClInclude Include="ROOTObjectManager.h">
      <Filter>Header Files</Filter>
    </ClInclude>
    <ClInclude Include="VectorObject.hpp">
      <Filter>Header Files</Filter>
    </ClInclude>
    <ClInclude Include="ROOTVersionAttribute.h">
      <Filter>Header Files</Filter>
    </ClInclude>
    <ClInclude Include="ROOTCreator.h">
      <Filter>Header Files</Filter>
    </ClInclude>
    <ClInclude Include="DynamicHelpers.h">
      <Filter>Header Files</Filter>
    </ClInclude>
    <ClInclude Include="ROOTDynamicException.h">
      <Filter>Header Files</Filter>
    </ClInclude>
    <ClInclude Include="TreeEntry.hpp">
      <Filter>Header Files</Filter>
    </ClInclude>
    <ClInclude Include="ROOTDOTNETVoidObject.hpp">
      <Filter>Header Files</Filter>
    </ClInclude>
    <ClInclude Include="TreeEntryEnumerator.hpp">
      <Filter>Header Files</Filter>
    </ClInclude>
    <ClInclude Include="TreeManager.hpp">
      <Filter>Header Files</Filter>
    </ClInclude>
    <ClInclude Include="TreeLeafExecutor.hpp">
      <Filter>Header Files</Filter>
    </ClInclude>
    <ClInclude Include="TreeLeafExecutorRaw.h">
      <Filter>Header Files</Filter>
    </ClInclude>
    <ClInclude Include="TreeSimpleValueExecutor.h">
      <Filter>Header Files</Filter>
    </ClInclude>
    <ClInclude Include="TreeVectorValueExecutor.h">
      <Filter>Header Files</Filter>
    </ClInclude>
    <ClInclude Include="TreeROOTValueExecutor.h">
      <Filter>Header Files</Filter>
    </ClInclude>
    <ClInclude Include="TreeLeafExecutorFactories.h">
      <Filter>Header Files</Filter>
    </ClInclude>
    <ClInclude Include="TreeExecutorObjectConverters.h">
      <Filter>Header Files</Filter>
    </ClInclude>
    <ClInclude Include="make_public.hpp">
      <Filter>Header Files</Filter>
    </ClInclude>
  </ItemGroup>
  <ItemGroup>
    <None Include="app.ico">
      <Filter>Resource Files</Filter>
    </None>
    <None Include="..\rootbuild\libCore\libCoreWrapper.vcxproj" />
  </ItemGroup>
  <ItemGroup>
    <ResourceCompile Include="app.rc">
      <Filter>Resource Files</Filter>
    </ResourceCompile>
  </ItemGroup>
</Project>