
Microsoft Visual Studio Solution File, Format Version 12.00
# Visual Studio 2013
VisualStudioVersion = 12.0.40629.0
MinimumVisualStudioVersion = 10.0.40219.1
Project("{8BC9CEB8-8B4A-11D0-8D11-00A0C91BC942}") = "WrapperPlumbingLibrary", "WrapperPlumbingLibrary\WrapperPlumbingLibrary.vcxproj", "{620832E1-A628-44F6-B5CE-80C0A86F20A9}"
EndProject
Project("{8BC9CEB8-8B4A-11D0-8D11-00A0C91BC942}") = "MonolithicROOTWrapper", "MonolithicROOTWrapper\MonolithicROOTWrapper.vcxproj", "{A2BC6278-DB75-4ECB-B593-9760D94A4993}"
EndProject
Project("{FAE04EC0-301F-11D3-BF4B-00C04F79EFBC}") = "t_Dynamic", "t_Dynamic\t_Dynamic.csproj", "{7087EE2C-F2BF-40F6-8E42-74EA73665409}"
EndProject
Project("{2150E333-8FDC-42A3-9474-1A3956D46DE8}") = "Solution Items", "Solution Items", "{4DAE2CEC-34E0-4324-8213-B41EBED25C71}"
	ProjectSection(SolutionItems) = preProject
		Local.testsettings = Local.testsettings
		TraceAndTestImpact.testsettings = TraceAndTestImpact.testsettings
		Wrappers.vsmdi = Wrappers.vsmdi
	EndProjectSection
EndProject
Project("{FAE04EC0-301F-11D3-BF4B-00C04F79EFBC}") = "t_Operators", "t_Operators\t_Operators.csproj", "{7C704741-A6C0-465E-9B2F-24D647BFDAC8}"
EndProject
Project("{FAE04EC0-301F-11D3-BF4B-00C04F79EFBC}") = "t_Tree", "t_Tree\t_Tree.csproj", "{01586E3B-7463-40DD-9520-5EF48C6D0EEA}"
EndProject
Project("{8BC9CEB8-8B4A-11D0-8D11-00A0C91BC942}") = "t_CPPPointerInteractions", "t_CPPPointerInteractions\t_CPPPointerInteractions.vcxproj", "{0C65B73F-2073-4D9D-89D5-49CA020710BA}"
	ProjectSection(ProjectDependencies) = postProject
		{620832E1-A628-44F6-B5CE-80C0A86F20A9} = {620832E1-A628-44F6-B5CE-80C0A86F20A9}
	EndProjectSection
EndProject
Global
	GlobalSection(SolutionConfigurationPlatforms) = preSolution
		Debug|Any CPU = Debug|Any CPU
		Debug|Mixed Platforms = Debug|Mixed Platforms
		Debug|Win32 = Debug|Win32
		Debug|x86 = Debug|x86
		Release|Any CPU = Release|Any CPU
		Release|Mixed Platforms = Release|Mixed Platforms
		Release|Win32 = Release|Win32
		Release|x86 = Release|x86
	EndGlobalSection
	GlobalSection(ProjectConfigurationPlatforms) = postSolution
		{620832E1-A628-44F6-B5CE-80C0A86F20A9}.Debug|Any CPU.ActiveCfg = Debug|Win32
		{620832E1-A628-44F6-B5CE-80C0A86F20A9}.Debug|Mixed Platforms.ActiveCfg = Debug|Win32
		{620832E1-A628-44F6-B5CE-80C0A86F20A9}.Debug|Mixed Platforms.Build.0 = Debug|Win32
		{620832E1-A628-44F6-B5CE-80C0A86F20A9}.Debug|Win32.ActiveCfg = Debug|Win32
		{620832E1-A628-44F6-B5CE-80C0A86F20A9}.Debug|Win32.Build.0 = Debug|Win32
		{620832E1-A628-44F6-B5CE-80C0A86F20A9}.Debug|x86.ActiveCfg = Debug|Win32
		{620832E1-A628-44F6-B5CE-80C0A86F20A9}.Debug|x86.Build.0 = Debug|Win32
		{620832E1-A628-44F6-B5CE-80C0A86F20A9}.Release|Any CPU.ActiveCfg = Release|Win32
		{620832E1-A628-44F6-B5CE-80C0A86F20A9}.Release|Mixed Platforms.ActiveCfg = Release|Win32
		{620832E1-A628-44F6-B5CE-80C0A86F20A9}.Release|Mixed Platforms.Build.0 = Release|Win32
		{620832E1-A628-44F6-B5CE-80C0A86F20A9}.Release|Win32.ActiveCfg = Release|Win32
		{620832E1-A628-44F6-B5CE-80C0A86F20A9}.Release|Win32.Build.0 = Release|Win32
		{620832E1-A628-44F6-B5CE-80C0A86F20A9}.Release|x86.ActiveCfg = Release|Win32
		{A2BC6278-DB75-4ECB-B593-9760D94A4993}.Debug|Any CPU.ActiveCfg = Debug|Win32
		{A2BC6278-DB75-4ECB-B593-9760D94A4993}.Debug|Mixed Platforms.ActiveCfg = Debug|Win32
		{A2BC6278-DB75-4ECB-B593-9760D94A4993}.Debug|Mixed Platforms.Build.0 = Debug|Win32
		{A2BC6278-DB75-4ECB-B593-9760D94A4993}.Debug|Win32.ActiveCfg = Debug|Win32
		{A2BC6278-DB75-4ECB-B593-9760D94A4993}.Debug|Win32.Build.0 = Debug|Win32
		{A2BC6278-DB75-4ECB-B593-9760D94A4993}.Debug|x86.ActiveCfg = Debug|Win32
		{A2BC6278-DB75-4ECB-B593-9760D94A4993}.Debug|x86.Build.0 = Debug|Win32
		{A2BC6278-DB75-4ECB-B593-9760D94A4993}.Release|Any CPU.ActiveCfg = Release|Win32
		{A2BC6278-DB75-4ECB-B593-9760D94A4993}.Release|Mixed Platforms.ActiveCfg = Release|Win32
		{A2BC6278-DB75-4ECB-B593-9760D94A4993}.Release|Mixed Platforms.Build.0 = Release|Win32
		{A2BC6278-DB75-4ECB-B593-9760D94A4993}.Release|Win32.ActiveCfg = Release|Win32
		{A2BC6278-DB75-4ECB-B593-9760D94A4993}.Release|Win32.Build.0 = Release|Win32
		{A2BC6278-DB75-4ECB-B593-9760D94A4993}.Release|x86.ActiveCfg = Release|Win32
		{7087EE2C-F2BF-40F6-8E42-74EA73665409}.Debug|Any CPU.ActiveCfg = Debug|Any CPU
		{7087EE2C-F2BF-40F6-8E42-74EA73665409}.Debug|Any CPU.Build.0 = Debug|Any CPU
		{7087EE2C-F2BF-40F6-8E42-74EA73665409}.Debug|Mixed Platforms.ActiveCfg = Debug|x86
		{7087EE2C-F2BF-40F6-8E42-74EA73665409}.Debug|Mixed Platforms.Build.0 = Debug|x86
		{7087EE2C-F2BF-40F6-8E42-74EA73665409}.Debug|Win32.ActiveCfg = Debug|Any CPU
		{7087EE2C-F2BF-40F6-8E42-74EA73665409}.Debug|x86.ActiveCfg = Debug|x86
		{7087EE2C-F2BF-40F6-8E42-74EA73665409}.Debug|x86.Build.0 = Debug|x86
		{7087EE2C-F2BF-40F6-8E42-74EA73665409}.Release|Any CPU.ActiveCfg = Release|Any CPU
		{7087EE2C-F2BF-40F6-8E42-74EA73665409}.Release|Any CPU.Build.0 = Release|Any CPU
		{7087EE2C-F2BF-40F6-8E42-74EA73665409}.Release|Mixed Platforms.ActiveCfg = Release|x86
		{7087EE2C-F2BF-40F6-8E42-74EA73665409}.Release|Mixed Platforms.Build.0 = Release|x86
		{7087EE2C-F2BF-40F6-8E42-74EA73665409}.Release|Win32.ActiveCfg = Release|Any CPU
		{7087EE2C-F2BF-40F6-8E42-74EA73665409}.Release|x86.ActiveCfg = Release|Any CPU
		{7C704741-A6C0-465E-9B2F-24D647BFDAC8}.Debug|Any CPU.ActiveCfg = Debug|Any CPU
		{7C704741-A6C0-465E-9B2F-24D647BFDAC8}.Debug|Any CPU.Build.0 = Debug|Any CPU
		{7C704741-A6C0-465E-9B2F-24D647BFDAC8}.Debug|Mixed Platforms.ActiveCfg = Debug|x86
		{7C704741-A6C0-465E-9B2F-24D647BFDAC8}.Debug|Mixed Platforms.Build.0 = Debug|x86
		{7C704741-A6C0-465E-9B2F-24D647BFDAC8}.Debug|Win32.ActiveCfg = Debug|Any CPU
		{7C704741-A6C0-465E-9B2F-24D647BFDAC8}.Debug|x86.ActiveCfg = Debug|x86
		{7C704741-A6C0-465E-9B2F-24D647BFDAC8}.Debug|x86.Build.0 = Debug|x86
		{7C704741-A6C0-465E-9B2F-24D647BFDAC8}.Release|Any CPU.ActiveCfg = Release|Any CPU
		{7C704741-A6C0-465E-9B2F-24D647BFDAC8}.Release|Any CPU.Build.0 = Release|Any CPU
		{7C704741-A6C0-465E-9B2F-24D647BFDAC8}.Release|Mixed Platforms.ActiveCfg = Release|x86
		{7C704741-A6C0-465E-9B2F-24D647BFDAC8}.Release|Mixed Platforms.Build.0 = Release|x86
		{7C704741-A6C0-465E-9B2F-24D647BFDAC8}.Release|Win32.ActiveCfg = Release|Any CPU
		{7C704741-A6C0-465E-9B2F-24D647BFDAC8}.Release|x86.ActiveCfg = Release|Any CPU
		{01586E3B-7463-40DD-9520-5EF48C6D0EEA}.Debug|Any CPU.ActiveCfg = Debug|Any CPU
		{01586E3B-7463-40DD-9520-5EF48C6D0EEA}.Debug|Any CPU.Build.0 = Debug|Any CPU
		{01586E3B-7463-40DD-9520-5EF48C6D0EEA}.Debug|Mixed Platforms.ActiveCfg = Debug|x86
		{01586E3B-7463-40DD-9520-5EF48C6D0EEA}.Debug|Mixed Platforms.Build.0 = Debug|x86
		{01586E3B-7463-40DD-9520-5EF48C6D0EEA}.Debug|Win32.ActiveCfg = Debug|Any CPU
		{01586E3B-7463-40DD-9520-5EF48C6D0EEA}.Debug|x86.ActiveCfg = Debug|x86
		{01586E3B-7463-40DD-9520-5EF48C6D0EEA}.Debug|x86.Build.0 = Debug|x86
		{01586E3B-7463-40DD-9520-5EF48C6D0EEA}.Release|Any CPU.ActiveCfg = Release|Any CPU
		{01586E3B-7463-40DD-9520-5EF48C6D0EEA}.Release|Any CPU.Build.0 = Release|Any CPU
		{01586E3B-7463-40DD-9520-5EF48C6D0EEA}.Release|Mixed Platforms.ActiveCfg = Release|x86
		{01586E3B-7463-40DD-9520-5EF48C6D0EEA}.Release|Mixed Platforms.Build.0 = Release|x86
		{01586E3B-7463-40DD-9520-5EF48C6D0EEA}.Release|Win32.ActiveCfg = Release|Any CPU
		{01586E3B-7463-40DD-9520-5EF48C6D0EEA}.Release|x86.ActiveCfg = Release|Any CPU
		{0C65B73F-2073-4D9D-89D5-49CA020710BA}.Debug|Any CPU.ActiveCfg = Debug|Win32
		{0C65B73F-2073-4D9D-89D5-49CA020710BA}.Debug|Mixed Platforms.ActiveCfg = Debug|Win32
		{0C65B73F-2073-4D9D-89D5-49CA020710BA}.Debug|Mixed Platforms.Build.0 = Debug|Win32
		{0C65B73F-2073-4D9D-89D5-49CA020710BA}.Debug|Win32.ActiveCfg = Debug|Win32
		{0C65B73F-2073-4D9D-89D5-49CA020710BA}.Debug|Win32.Build.0 = Debug|Win32
		{0C65B73F-2073-4D9D-89D5-49CA020710BA}.Debug|x86.ActiveCfg = Debug|Win32
		{0C65B73F-2073-4D9D-89D5-49CA020710BA}.Debug|x86.Build.0 = Debug|Win32
		{0C65B73F-2073-4D9D-89D5-49CA020710BA}.Release|Any CPU.ActiveCfg = Release|Win32
		{0C65B73F-2073-4D9D-89D5-49CA020710BA}.Release|Mixed Platforms.ActiveCfg = Release|Win32
		{0C65B73F-2073-4D9D-89D5-49CA020710BA}.Release|Mixed Platforms.Build.0 = Release|Win32
		{0C65B73F-2073-4D9D-89D5-49CA020710BA}.Release|Win32.ActiveCfg = Release|Win32
		{0C65B73F-2073-4D9D-89D5-49CA020710BA}.Release|Win32.Build.0 = Release|Win32
		{0C65B73F-2073-4D9D-89D5-49CA020710BA}.Release|x86.ActiveCfg = Release|Win32
	EndGlobalSection
	GlobalSection(SolutionProperties) = preSolution
		HideSolutionNode = FALSE
	EndGlobalSection
	GlobalSection(TestCaseManagementSettings) = postSolution
		CategoryFile = Wrappers.vsmdi
	EndGlobalSection
EndGlobal
