
Microsoft Visual Studio Solution File, Format Version 11.00
# Visual Studio 2010
Project("{2150E333-8FDC-42A3-9474-1A3956D46DE8}") = "Tests", "Tests", "{FFEC73E9-F1A9-430D-BD5E-31B6F7FE85EA}"
EndProject
Project("{2150E333-8FDC-42A3-9474-1A3956D46DE8}") = "Solution Items", "Solution Items", "{7A00B190-6F76-4EC1-8F51-B193A22DACBC}"
	ProjectSection(SolutionItems) = preProject
		local.testsettings = local.testsettings
		Wrapper Generators.vsmdi = Wrapper Generators.vsmdi
	EndProjectSection
EndProject
Project("{8BC9CEB8-8B4A-11D0-8D11-00A0C91BC942}") = "ROOT.NET Library Converter", "ROOT.NET Library Converter\ROOT.NET Library Converter.vcxproj", "{8C5DD750-1E5F-45CA-A58A-2959484A9F14}"
EndProject
Project("{8BC9CEB8-8B4A-11D0-8D11-00A0C91BC942}") = "FindBadRootHeaders", "FindBadRootHeaders\FindBadRootHeaders.vcxproj", "{3CC22B3F-177C-442E-B3E7-75D3C6B47B21}"
EndProject
Project("{8BC9CEB8-8B4A-11D0-8D11-00A0C91BC942}") = "ROOT.NET Monolithic Converter", "ROOT.NET Monolithic Converter\ROOT.NET Monolithic Converter.vcxproj", "{D57E0177-D17D-45E5-A0AB-8A1BC6B8376A}"
EndProject
Project("{8BC9CEB8-8B4A-11D0-8D11-00A0C91BC942}") = "ConverterLibrary", "ConverterLibrary\ConverterLibrary.vcxproj", "{03433C15-E459-4C8C-A7A5-3D2D63C7E655}"
EndProject
Project("{8BC9CEB8-8B4A-11D0-8D11-00A0C91BC942}") = "t_RootClassInfo", "t_RootClassInfo\t_RootClassInfo.vcxproj", "{20C30E4A-C6FC-4688-9572-DCE359560A0A}"
EndProject
Project("{8BC9CEB8-8B4A-11D0-8D11-00A0C91BC942}") = "t_MethodInherritance", "t_MethodInherritance\t_MethodInherritance.vcxproj", "{672F2BDF-F6CE-48CE-8933-2091C1294751}"
EndProject
Project("{8BC9CEB8-8B4A-11D0-8D11-00A0C91BC942}") = "t_CPPNetTypeMapper", "t_CPPNetTypeMapper\t_CPPNetTypeMapper.vcxproj", "{572B1713-A006-407E-9B63-398445CFA830}"
EndProject
Project("{8BC9CEB8-8B4A-11D0-8D11-00A0C91BC942}") = "t_Translation", "t_Translation\t_Translation.vcxproj", "{6804923A-32F1-4606-917B-D68CAC87BE15}"
EndProject
Project("{FAE04EC0-301F-11D3-BF4B-00C04F79EFBC}") = "TestUtilities", "TestUtilities\TestUtilities.csproj", "{E17CF80B-CBBE-4482-A53A-4F4D8A3CB93F}"
EndProject
Project("{8BC9CEB8-8B4A-11D0-8D11-00A0C91BC942}") = "t_Utilities", "t_Utilities\t_Utilities.vcxproj", "{26272BD0-3374-4049-B6EF-6469556FD203}"
EndProject
Project("{8BC9CEB8-8B4A-11D0-8D11-00A0C91BC942}") = "DoEverythingAtOnce", "DoEverythingAtOnce\DoEverythingAtOnce.vcxproj", "{5292C5CA-FE39-455E-9A06-2542B66CB698}"
EndProject
Project("{8BC9CEB8-8B4A-11D0-8D11-00A0C91BC942}") = "ROOT.NET Addon Library Converter", "ROOT.NET Addon Library Converter\ROOT.NET Addon Library Converter.vcxproj", "{9821B0F4-17E5-42C8-A0F0-4357DEBE16D7}"
	ProjectSection(ProjectDependencies) = postProject
		{03433C15-E459-4C8C-A7A5-3D2D63C7E655} = {03433C15-E459-4C8C-A7A5-3D2D63C7E655}
	EndProjectSection
EndProject
Project("{8BC9CEB8-8B4A-11D0-8D11-00A0C91BC942}") = "DumpConfigInfo", "DumpConfigInfo\DumpConfigInfo.vcxproj", "{3E461659-73D7-4EAB-8351-FB7FF23CBE9F}"
EndProject
Global
	GlobalSection(TestCaseManagementSettings) = postSolution
		CategoryFile = Wrapper Generators.vsmdi
	EndGlobalSection
	GlobalSection(SolutionConfigurationPlatforms) = preSolution
		Debug|Any CPU = Debug|Any CPU
		Debug|Mixed Platforms = Debug|Mixed Platforms
		Debug|Win32 = Debug|Win32
		Debug|x86 = Debug|x86
		Release|Any CPU = Release|Any CPU
		Release|Mixed Platforms = Release|Mixed Platforms
		Release|Win32 = Release|Win32
		Release|x86 = Release|x86
	EndGlobalSection
	GlobalSection(ProjectConfigurationPlatforms) = postSolution
		{8C5DD750-1E5F-45CA-A58A-2959484A9F14}.Debug|Any CPU.ActiveCfg = Debug|Win32
		{8C5DD750-1E5F-45CA-A58A-2959484A9F14}.Debug|Mixed Platforms.ActiveCfg = Debug|Win32
		{8C5DD750-1E5F-45CA-A58A-2959484A9F14}.Debug|Mixed Platforms.Build.0 = Debug|Win32
		{8C5DD750-1E5F-45CA-A58A-2959484A9F14}.Debug|Win32.ActiveCfg = Debug|Win32
		{8C5DD750-1E5F-45CA-A58A-2959484A9F14}.Debug|Win32.Build.0 = Debug|Win32
		{8C5DD750-1E5F-45CA-A58A-2959484A9F14}.Debug|x86.ActiveCfg = Debug|Win32
		{8C5DD750-1E5F-45CA-A58A-2959484A9F14}.Release|Any CPU.ActiveCfg = Release|Win32
		{8C5DD750-1E5F-45CA-A58A-2959484A9F14}.Release|Mixed Platforms.ActiveCfg = Release|Win32
		{8C5DD750-1E5F-45CA-A58A-2959484A9F14}.Release|Mixed Platforms.Build.0 = Release|Win32
		{8C5DD750-1E5F-45CA-A58A-2959484A9F14}.Release|Win32.ActiveCfg = Release|Win32
		{8C5DD750-1E5F-45CA-A58A-2959484A9F14}.Release|Win32.Build.0 = Release|Win32
		{8C5DD750-1E5F-45CA-A58A-2959484A9F14}.Release|x86.ActiveCfg = Release|Win32
		{3CC22B3F-177C-442E-B3E7-75D3C6B47B21}.Debug|Any CPU.ActiveCfg = Debug|Win32
		{3CC22B3F-177C-442E-B3E7-75D3C6B47B21}.Debug|Mixed Platforms.ActiveCfg = Debug|Win32
		{3CC22B3F-177C-442E-B3E7-75D3C6B47B21}.Debug|Mixed Platforms.Build.0 = Debug|Win32
		{3CC22B3F-177C-442E-B3E7-75D3C6B47B21}.Debug|Win32.ActiveCfg = Debug|Win32
		{3CC22B3F-177C-442E-B3E7-75D3C6B47B21}.Debug|Win32.Build.0 = Debug|Win32
		{3CC22B3F-177C-442E-B3E7-75D3C6B47B21}.Debug|x86.ActiveCfg = Debug|Win32
		{3CC22B3F-177C-442E-B3E7-75D3C6B47B21}.Release|Any CPU.ActiveCfg = Release|Win32
		{3CC22B3F-177C-442E-B3E7-75D3C6B47B21}.Release|Mixed Platforms.ActiveCfg = Release|Win32
		{3CC22B3F-177C-442E-B3E7-75D3C6B47B21}.Release|Mixed Platforms.Build.0 = Release|Win32
		{3CC22B3F-177C-442E-B3E7-75D3C6B47B21}.Release|Win32.ActiveCfg = Release|Win32
		{3CC22B3F-177C-442E-B3E7-75D3C6B47B21}.Release|Win32.Build.0 = Release|Win32
		{3CC22B3F-177C-442E-B3E7-75D3C6B47B21}.Release|x86.ActiveCfg = Release|Win32
		{D57E0177-D17D-45E5-A0AB-8A1BC6B8376A}.Debug|Any CPU.ActiveCfg = Debug|Win32
		{D57E0177-D17D-45E5-A0AB-8A1BC6B8376A}.Debug|Mixed Platforms.ActiveCfg = Debug|Win32
		{D57E0177-D17D-45E5-A0AB-8A1BC6B8376A}.Debug|Mixed Platforms.Build.0 = Debug|Win32
		{D57E0177-D17D-45E5-A0AB-8A1BC6B8376A}.Debug|Win32.ActiveCfg = Debug|Win32
		{D57E0177-D17D-45E5-A0AB-8A1BC6B8376A}.Debug|Win32.Build.0 = Debug|Win32
		{D57E0177-D17D-45E5-A0AB-8A1BC6B8376A}.Debug|x86.ActiveCfg = Debug|Win32
		{D57E0177-D17D-45E5-A0AB-8A1BC6B8376A}.Release|Any CPU.ActiveCfg = Release|Win32
		{D57E0177-D17D-45E5-A0AB-8A1BC6B8376A}.Release|Mixed Platforms.ActiveCfg = Release|Win32
		{D57E0177-D17D-45E5-A0AB-8A1BC6B8376A}.Release|Mixed Platforms.Build.0 = Release|Win32
		{D57E0177-D17D-45E5-A0AB-8A1BC6B8376A}.Release|Win32.ActiveCfg = Release|Win32
		{D57E0177-D17D-45E5-A0AB-8A1BC6B8376A}.Release|Win32.Build.0 = Release|Win32
		{D57E0177-D17D-45E5-A0AB-8A1BC6B8376A}.Release|x86.ActiveCfg = Release|Win32
		{03433C15-E459-4C8C-A7A5-3D2D63C7E655}.Debug|Any CPU.ActiveCfg = Debug|Win32
		{03433C15-E459-4C8C-A7A5-3D2D63C7E655}.Debug|Mixed Platforms.ActiveCfg = Debug|Win32
		{03433C15-E459-4C8C-A7A5-3D2D63C7E655}.Debug|Mixed Platforms.Build.0 = Debug|Win32
		{03433C15-E459-4C8C-A7A5-3D2D63C7E655}.Debug|Win32.ActiveCfg = Debug|Win32
		{03433C15-E459-4C8C-A7A5-3D2D63C7E655}.Debug|Win32.Build.0 = Debug|Win32
		{03433C15-E459-4C8C-A7A5-3D2D63C7E655}.Debug|x86.ActiveCfg = Debug|Win32
		{03433C15-E459-4C8C-A7A5-3D2D63C7E655}.Release|Any CPU.ActiveCfg = Release|Win32
		{03433C15-E459-4C8C-A7A5-3D2D63C7E655}.Release|Mixed Platforms.ActiveCfg = Release|Win32
		{03433C15-E459-4C8C-A7A5-3D2D63C7E655}.Release|Mixed Platforms.Build.0 = Release|Win32
		{03433C15-E459-4C8C-A7A5-3D2D63C7E655}.Release|Win32.ActiveCfg = Release|Win32
		{03433C15-E459-4C8C-A7A5-3D2D63C7E655}.Release|Win32.Build.0 = Release|Win32
		{03433C15-E459-4C8C-A7A5-3D2D63C7E655}.Release|x86.ActiveCfg = Release|Win32
		{20C30E4A-C6FC-4688-9572-DCE359560A0A}.Debug|Any CPU.ActiveCfg = Debug|Win32
		{20C30E4A-C6FC-4688-9572-DCE359560A0A}.Debug|Mixed Platforms.ActiveCfg = Debug|Win32
		{20C30E4A-C6FC-4688-9572-DCE359560A0A}.Debug|Mixed Platforms.Build.0 = Debug|Win32
		{20C30E4A-C6FC-4688-9572-DCE359560A0A}.Debug|Win32.ActiveCfg = Debug|Win32
		{20C30E4A-C6FC-4688-9572-DCE359560A0A}.Debug|Win32.Build.0 = Debug|Win32
		{20C30E4A-C6FC-4688-9572-DCE359560A0A}.Debug|x86.ActiveCfg = Debug|Win32
		{20C30E4A-C6FC-4688-9572-DCE359560A0A}.Release|Any CPU.ActiveCfg = Release|Win32
		{20C30E4A-C6FC-4688-9572-DCE359560A0A}.Release|Mixed Platforms.ActiveCfg = Release|Win32
		{20C30E4A-C6FC-4688-9572-DCE359560A0A}.Release|Mixed Platforms.Build.0 = Release|Win32
		{20C30E4A-C6FC-4688-9572-DCE359560A0A}.Release|Win32.ActiveCfg = Release|Win32
		{20C30E4A-C6FC-4688-9572-DCE359560A0A}.Release|Win32.Build.0 = Release|Win32
		{20C30E4A-C6FC-4688-9572-DCE359560A0A}.Release|x86.ActiveCfg = Release|Win32
		{672F2BDF-F6CE-48CE-8933-2091C1294751}.Debug|Any CPU.ActiveCfg = Debug|Win32
		{672F2BDF-F6CE-48CE-8933-2091C1294751}.Debug|Mixed Platforms.ActiveCfg = Debug|Win32
		{672F2BDF-F6CE-48CE-8933-2091C1294751}.Debug|Mixed Platforms.Build.0 = Debug|Win32
		{672F2BDF-F6CE-48CE-8933-2091C1294751}.Debug|Win32.ActiveCfg = Debug|Win32
		{672F2BDF-F6CE-48CE-8933-2091C1294751}.Debug|Win32.Build.0 = Debug|Win32
		{672F2BDF-F6CE-48CE-8933-2091C1294751}.Debug|x86.ActiveCfg = Debug|Win32
		{672F2BDF-F6CE-48CE-8933-2091C1294751}.Release|Any CPU.ActiveCfg = Release|Win32
		{672F2BDF-F6CE-48CE-8933-2091C1294751}.Release|Mixed Platforms.ActiveCfg = Release|Win32
		{672F2BDF-F6CE-48CE-8933-2091C1294751}.Release|Mixed Platforms.Build.0 = Release|Win32
		{672F2BDF-F6CE-48CE-8933-2091C1294751}.Release|Win32.ActiveCfg = Release|Win32
		{672F2BDF-F6CE-48CE-8933-2091C1294751}.Release|Win32.Build.0 = Release|Win32
		{672F2BDF-F6CE-48CE-8933-2091C1294751}.Release|x86.ActiveCfg = Release|Win32
		{572B1713-A006-407E-9B63-398445CFA830}.Debug|Any CPU.ActiveCfg = Debug|Win32
		{572B1713-A006-407E-9B63-398445CFA830}.Debug|Mixed Platforms.ActiveCfg = Debug|Win32
		{572B1713-A006-407E-9B63-398445CFA830}.Debug|Mixed Platforms.Build.0 = Debug|Win32
		{572B1713-A006-407E-9B63-398445CFA830}.Debug|Win32.ActiveCfg = Debug|Win32
		{572B1713-A006-407E-9B63-398445CFA830}.Debug|Win32.Build.0 = Debug|Win32
		{572B1713-A006-407E-9B63-398445CFA830}.Debug|x86.ActiveCfg = Debug|Win32
		{572B1713-A006-407E-9B63-398445CFA830}.Release|Any CPU.ActiveCfg = Release|Win32
		{572B1713-A006-407E-9B63-398445CFA830}.Release|Mixed Platforms.ActiveCfg = Release|Win32
		{572B1713-A006-407E-9B63-398445CFA830}.Release|Mixed Platforms.Build.0 = Release|Win32
		{572B1713-A006-407E-9B63-398445CFA830}.Release|Win32.ActiveCfg = Release|Win32
		{572B1713-A006-407E-9B63-398445CFA830}.Release|Win32.Build.0 = Release|Win32
		{572B1713-A006-407E-9B63-398445CFA830}.Release|x86.ActiveCfg = Release|Win32
		{6804923A-32F1-4606-917B-D68CAC87BE15}.Debug|Any CPU.ActiveCfg = Debug|Win32
		{6804923A-32F1-4606-917B-D68CAC87BE15}.Debug|Mixed Platforms.ActiveCfg = Debug|Win32
		{6804923A-32F1-4606-917B-D68CAC87BE15}.Debug|Mixed Platforms.Build.0 = Debug|Win32
		{6804923A-32F1-4606-917B-D68CAC87BE15}.Debug|Win32.ActiveCfg = Debug|Win32
		{6804923A-32F1-4606-917B-D68CAC87BE15}.Debug|Win32.Build.0 = Debug|Win32
		{6804923A-32F1-4606-917B-D68CAC87BE15}.Debug|x86.ActiveCfg = Debug|Win32
		{6804923A-32F1-4606-917B-D68CAC87BE15}.Release|Any CPU.ActiveCfg = Release|Win32
		{6804923A-32F1-4606-917B-D68CAC87BE15}.Release|Mixed Platforms.ActiveCfg = Release|Win32
		{6804923A-32F1-4606-917B-D68CAC87BE15}.Release|Mixed Platforms.Build.0 = Release|Win32
		{6804923A-32F1-4606-917B-D68CAC87BE15}.Release|Win32.ActiveCfg = Release|Win32
		{6804923A-32F1-4606-917B-D68CAC87BE15}.Release|Win32.Build.0 = Release|Win32
		{6804923A-32F1-4606-917B-D68CAC87BE15}.Release|x86.ActiveCfg = Release|Win32
		{E17CF80B-CBBE-4482-A53A-4F4D8A3CB93F}.Debug|Any CPU.ActiveCfg = Debug|Any CPU
		{E17CF80B-CBBE-4482-A53A-4F4D8A3CB93F}.Debug|Any CPU.Build.0 = Debug|Any CPU
		{E17CF80B-CBBE-4482-A53A-4F4D8A3CB93F}.Debug|Mixed Platforms.ActiveCfg = Debug|Any CPU
		{E17CF80B-CBBE-4482-A53A-4F4D8A3CB93F}.Debug|Mixed Platforms.Build.0 = Debug|Any CPU
		{E17CF80B-CBBE-4482-A53A-4F4D8A3CB93F}.Debug|Win32.ActiveCfg = Debug|Any CPU
		{E17CF80B-CBBE-4482-A53A-4F4D8A3CB93F}.Debug|Win32.Build.0 = Debug|Any CPU
		{E17CF80B-CBBE-4482-A53A-4F4D8A3CB93F}.Debug|x86.ActiveCfg = Debug|Any CPU
		{E17CF80B-CBBE-4482-A53A-4F4D8A3CB93F}.Release|Any CPU.ActiveCfg = Release|Any CPU
		{E17CF80B-CBBE-4482-A53A-4F4D8A3CB93F}.Release|Any CPU.Build.0 = Release|Any CPU
		{E17CF80B-CBBE-4482-A53A-4F4D8A3CB93F}.Release|Mixed Platforms.ActiveCfg = Release|Any CPU
		{E17CF80B-CBBE-4482-A53A-4F4D8A3CB93F}.Release|Mixed Platforms.Build.0 = Release|Any CPU
		{E17CF80B-CBBE-4482-A53A-4F4D8A3CB93F}.Release|Win32.ActiveCfg = Release|Any CPU
		{E17CF80B-CBBE-4482-A53A-4F4D8A3CB93F}.Release|x86.ActiveCfg = Release|Any CPU
		{26272BD0-3374-4049-B6EF-6469556FD203}.Debug|Any CPU.ActiveCfg = Debug|Win32
		{26272BD0-3374-4049-B6EF-6469556FD203}.Debug|Mixed Platforms.ActiveCfg = Debug|Win32
		{26272BD0-3374-4049-B6EF-6469556FD203}.Debug|Mixed Platforms.Build.0 = Debug|Win32
		{26272BD0-3374-4049-B6EF-6469556FD203}.Debug|Win32.ActiveCfg = Debug|Win32
		{26272BD0-3374-4049-B6EF-6469556FD203}.Debug|Win32.Build.0 = Debug|Win32
		{26272BD0-3374-4049-B6EF-6469556FD203}.Debug|x86.ActiveCfg = Debug|Win32
		{26272BD0-3374-4049-B6EF-6469556FD203}.Release|Any CPU.ActiveCfg = Release|Win32
		{26272BD0-3374-4049-B6EF-6469556FD203}.Release|Mixed Platforms.ActiveCfg = Release|Win32
		{26272BD0-3374-4049-B6EF-6469556FD203}.Release|Mixed Platforms.Build.0 = Release|Win32
		{26272BD0-3374-4049-B6EF-6469556FD203}.Release|Win32.ActiveCfg = Release|Win32
		{26272BD0-3374-4049-B6EF-6469556FD203}.Release|Win32.Build.0 = Release|Win32
		{26272BD0-3374-4049-B6EF-6469556FD203}.Release|x86.ActiveCfg = Release|Win32
		{5292C5CA-FE39-455E-9A06-2542B66CB698}.Debug|Any CPU.ActiveCfg = Debug|Win32
		{5292C5CA-FE39-455E-9A06-2542B66CB698}.Debug|Mixed Platforms.ActiveCfg = Debug|Win32
		{5292C5CA-FE39-455E-9A06-2542B66CB698}.Debug|Win32.ActiveCfg = Debug|Win32
		{5292C5CA-FE39-455E-9A06-2542B66CB698}.Debug|x86.ActiveCfg = Debug|Win32
		{5292C5CA-FE39-455E-9A06-2542B66CB698}.Release|Any CPU.ActiveCfg = Release|Win32
		{5292C5CA-FE39-455E-9A06-2542B66CB698}.Release|Mixed Platforms.ActiveCfg = Release|Win32
		{5292C5CA-FE39-455E-9A06-2542B66CB698}.Release|Win32.ActiveCfg = Release|Win32
		{5292C5CA-FE39-455E-9A06-2542B66CB698}.Release|Win32.Build.0 = Release|Win32
		{5292C5CA-FE39-455E-9A06-2542B66CB698}.Release|x86.ActiveCfg = Release|Win32
		{9821B0F4-17E5-42C8-A0F0-4357DEBE16D7}.Debug|Any CPU.ActiveCfg = Debug|Win32
		{9821B0F4-17E5-42C8-A0F0-4357DEBE16D7}.Debug|Mixed Platforms.ActiveCfg = Debug|Win32
		{9821B0F4-17E5-42C8-A0F0-4357DEBE16D7}.Debug|Mixed Platforms.Build.0 = Debug|Win32
		{9821B0F4-17E5-42C8-A0F0-4357DEBE16D7}.Debug|Win32.ActiveCfg = Debug|Win32
		{9821B0F4-17E5-42C8-A0F0-4357DEBE16D7}.Debug|Win32.Build.0 = Debug|Win32
		{9821B0F4-17E5-42C8-A0F0-4357DEBE16D7}.Debug|x86.ActiveCfg = Debug|Win32
		{9821B0F4-17E5-42C8-A0F0-4357DEBE16D7}.Release|Any CPU.ActiveCfg = Release|Win32
		{9821B0F4-17E5-42C8-A0F0-4357DEBE16D7}.Release|Mixed Platforms.ActiveCfg = Release|Win32
		{9821B0F4-17E5-42C8-A0F0-4357DEBE16D7}.Release|Mixed Platforms.Build.0 = Release|Win32
		{9821B0F4-17E5-42C8-A0F0-4357DEBE16D7}.Release|Win32.ActiveCfg = Release|Win32
		{9821B0F4-17E5-42C8-A0F0-4357DEBE16D7}.Release|Win32.Build.0 = Release|Win32
		{9821B0F4-17E5-42C8-A0F0-4357DEBE16D7}.Release|x86.ActiveCfg = Release|Win32
		{3E461659-73D7-4EAB-8351-FB7FF23CBE9F}.Debug|Any CPU.ActiveCfg = Debug|Win32
		{3E461659-73D7-4EAB-8351-FB7FF23CBE9F}.Debug|Mixed Platforms.ActiveCfg = Debug|Win32
		{3E461659-73D7-4EAB-8351-FB7FF23CBE9F}.Debug|Mixed Platforms.Build.0 = Debug|Win32
		{3E461659-73D7-4EAB-8351-FB7FF23CBE9F}.Debug|Win32.ActiveCfg = Debug|Win32
		{3E461659-73D7-4EAB-8351-FB7FF23CBE9F}.Debug|Win32.Build.0 = Debug|Win32
		{3E461659-73D7-4EAB-8351-FB7FF23CBE9F}.Debug|x86.ActiveCfg = Debug|Win32
		{3E461659-73D7-4EAB-8351-FB7FF23CBE9F}.Release|Any CPU.ActiveCfg = Release|Win32
		{3E461659-73D7-4EAB-8351-FB7FF23CBE9F}.Release|Mixed Platforms.ActiveCfg = Release|Win32
		{3E461659-73D7-4EAB-8351-FB7FF23CBE9F}.Release|Mixed Platforms.Build.0 = Release|Win32
		{3E461659-73D7-4EAB-8351-FB7FF23CBE9F}.Release|Win32.ActiveCfg = Release|Win32
		{3E461659-73D7-4EAB-8351-FB7FF23CBE9F}.Release|Win32.Build.0 = Release|Win32
		{3E461659-73D7-4EAB-8351-FB7FF23CBE9F}.Release|x86.ActiveCfg = Release|Win32
	EndGlobalSection
	GlobalSection(SolutionProperties) = preSolution
		HideSolutionNode = FALSE
	EndGlobalSection
	GlobalSection(NestedProjects) = preSolution
		{7A00B190-6F76-4EC1-8F51-B193A22DACBC} = {FFEC73E9-F1A9-430D-BD5E-31B6F7FE85EA}
		{20C30E4A-C6FC-4688-9572-DCE359560A0A} = {FFEC73E9-F1A9-430D-BD5E-31B6F7FE85EA}
		{672F2BDF-F6CE-48CE-8933-2091C1294751} = {FFEC73E9-F1A9-430D-BD5E-31B6F7FE85EA}
		{572B1713-A006-407E-9B63-398445CFA830} = {FFEC73E9-F1A9-430D-BD5E-31B6F7FE85EA}
		{6804923A-32F1-4606-917B-D68CAC87BE15} = {FFEC73E9-F1A9-430D-BD5E-31B6F7FE85EA}
		{E17CF80B-CBBE-4482-A53A-4F4D8A3CB93F} = {FFEC73E9-F1A9-430D-BD5E-31B6F7FE85EA}
		{26272BD0-3374-4049-B6EF-6469556FD203} = {FFEC73E9-F1A9-430D-BD5E-31B6F7FE85EA}
	EndGlobalSection
EndGlobal
