<?xml version="1.0" encoding="utf-8"?>
<Project ToolsVersion="4.0" xmlns="http://schemas.microsoft.com/developer/msbuild/2003">
  <ItemGroup>
    <Filter Include="Source Files">
      <UniqueIdentifier>{4FC737F1-C7A5-4376-A066-2A32D752A2FF}</UniqueIdentifier>
      <Extensions>cpp;c;cc;cxx;def;odl;idl;hpj;bat;asm;asmx</Extensions>
    </Filter>
    <Filter Include="Header Files">
      <UniqueIdentifier>{93995380-89BD-4b04-88EB-625FBE52EBFB}</UniqueIdentifier>
      <Extensions>h;hpp;hxx;hm;inl;inc;xsd</Extensions>
    </Filter>
    <Filter Include="Resource Files">
      <UniqueIdentifier>{67DA6AB6-F800-4c08-8B7A-83BB121AAD01}</UniqueIdentifier>
      <Extensions>rc;ico;cur;bmp;dlg;rc2;rct;bin;rgs;gif;jpg;jpeg;jpe;resx;tiff;tif;png;wav</Extensions>
    </Filter>
    <Filter Include="ROOTSource">
      <UniqueIdentifier>{a980e689-7f3d-45c2-96aa-6adb15fb863d}</UniqueIdentifier>
    </Filter>
  </ItemGroup>
  <ItemGroup>
    <ClCompile Include="AssemblyInfo.cpp">
      <Filter>Source Files</Filter>
    </ClCompile>
    <ClCompile Include="ROOTSource\root_type_helpers.cpp">
      <Filter>Source Files</Filter>
    </ClCompile>
    <ClCompile Include="ROOTSource\NROOT__NTSchemaRule.cpp">
      <Filter>ROOTSource</Filter>
    </ClCompile>
    <ClCompile Include="ROOTSource\NROOT__NTSchemaRule__NTSources.cpp">
      <Filter>ROOTSource</Filter>
    </ClCompile>
    <ClCompile Include="ROOTSource\NTNamed.cpp">
      <Filter>ROOTSource</Filter>
    </ClCompile>
    <ClCompile Include="ROOTSource\NTObject.cpp">
      <Filter>ROOTSource</Filter>
    </ClCompile>
  </ItemGroup>
  <ItemGroup>
    <ClInclude Include="resource.h">
      <Filter>Header Files</Filter>
    </ClInclude>
    <ClInclude Include="ROOTSource\libTree-make_public.hpp">
      <Filter>Header Files</Filter>
    </ClInclude>
    <ClInclude Include="ROOTSource\NTObject.hpp">
      <Filter>Header Files</Filter>
    </ClInclude>
    <ClInclude Include="ROOTSource\libCore-make_public.hpp">
      <Filter>ROOTSource</Filter>
    </ClInclude>
    <ClInclude Include="ROOTSource\NROOT__NTSchemaRule.hpp">
      <Filter>ROOTSource</Filter>
    </ClInclude>
    <ClInclude Include="ROOTSource\NROOT__NTSchemaRule__NTSources.hpp">
      <Filter>ROOTSource</Filter>
    </ClInclude>
    <ClInclude Include="ROOTSource\NTNamed.hpp">
      <Filter>ROOTSource</Filter>
    </ClInclude>
    <ClInclude Include="ROOTSource\root_type_helpers.hpp">
      <Filter>ROOTSource</Filter>
    </ClInclude>
  </ItemGroup>
  <ItemGroup>
    <None Include="app.ico">
      <Filter>Resource Files</Filter>
    </None>
  </ItemGroup>
  <ItemGroup>
    <ResourceCompile Include="app.rc">
      <Filter>Resource Files</Filter>
    </ResourceCompile>
  </ItemGroup>
</Project>